
Microsoft Visual Studio Solution File, Format Version 12.00
# Visual Studio Version 16
VisualStudioVersion = 16.0.30011.22
MinimumVisualStudioVersion = 10.0.40219.1
Project("{FAE04EC0-301F-11D3-BF4B-00C04F79EFBC}") = "AspNetCoreWithOracle", "AspNetCoreWithOracle\AspNetCoreWithOracle.csproj", "{DC277366-586F-421A-AE0D-0E0E5CEC7462}"
EndProject
Global
	GlobalSection(SolutionConfigurationPlatforms) = preSolution
		Debug|Any CPU = Debug|Any CPU
		Release|Any CPU = Release|Any CPU
	EndGlobalSection
	GlobalSection(ProjectConfigurationPlatforms) = postSolution
		{DC277366-586F-421A-AE0D-0E0E5CEC7462}.Debug|Any CPU.ActiveCfg = Debug|Any CPU
		{DC277366-586F-421A-AE0D-0E0E5CEC7462}.Debug|Any CPU.Build.0 = Debug|Any CPU
		{DC277366-586F-421A-AE0D-0E0E5CEC7462}.Release|Any CPU.ActiveCfg = Release|Any CPU
		{DC277366-586F-421A-AE0D-0E0E5CEC7462}.Release|Any CPU.Build.0 = Release|Any CPU
	EndGlobalSection
	GlobalSection(SolutionProperties) = preSolution
		HideSolutionNode = FALSE
	EndGlobalSection
	GlobalSection(ExtensibilityGlobals) = postSolution
		SolutionGuid = {8B0263A1-381F-466B-A7D9-30EA184AA7DF}
	EndGlobalSection
EndGlobal
